Microsoft Visual Studio Solution File, Format Version 12.00
# Visual Studio Version 17
VisualStudioVersion = 17.5.2.0
MinimumVisualStudioVersion = 10.0.40219.1
Project("{FAE04EC0-301F-11D3-BF4B-00C04F79EFBC}") = "BD", "BD\BD.csproj", "{B2C74286-596D-9ABB-374C-77DDCEAF2D66}"
EndProject
Project("{FAE04EC0-301F-11D3-BF4B-00C04F79EFBC}") = "OP", "OP\OP.csproj", "{FD1C4C22-1468-43A2-0897-C60EFF7F8DF9}"
EndProject
Global
	GlobalSection(SolutionConfigurationPlatforms) = preSolution
		Debug|Any CPU = Debug|Any CPU
		Release|Any CPU = Release|Any CPU
	EndGlobalSection
	GlobalSection(ProjectConfigurationPlatforms) = postSolution
		{B2C74286-596D-9ABB-374C-77DDCEAF2D66}.Debug|Any CPU.ActiveCfg = Debug|Any CPU
		{B2C74286-596D-9ABB-374C-77DDCEAF2D66}.Debug|Any CPU.Build.0 = Debug|Any CPU
		{B2C74286-596D-9ABB-374C-77DDCEAF2D66}.Release|Any CPU.ActiveCfg = Release|Any CPU
		{B2C74286-596D-9ABB-374C-77DDCEAF2D66}.Release|Any CPU.Build.0 = Release|Any CPU
		{FD1C4C22-1468-43A2-0897-C60EFF7F8DF9}.Debug|Any CPU.ActiveCfg = Debug|Any CPU
		{FD1C4C22-1468-43A2-0897-C60EFF7F8DF9}.Debug|Any CPU.Build.0 = Debug|Any CPU
		{FD1C4C22-1468-43A2-0897-C60EFF7F8DF9}.Release|Any CPU.ActiveCfg = Release|Any CPU
		{FD1C4C22-1468-43A2-0897-C60EFF7F8DF9}.Release|Any CPU.Build.0 = Release|Any CPU
	EndGlobalSection
	GlobalSection(SolutionProperties) = preSolution
		HideSolutionNode = FALSE
	EndGlobalSection
	GlobalSection(ExtensibilityGlobals) = postSolution
		SolutionGuid = {F41930A2-2235-41D4-AC7A-D5D22463C42B}
	EndGlobalSection
EndGlobal
